
Microsoft Visual Studio Solution File, Format Version 12.00
# Visual Studio Version 17
VisualStudioVersion = 17.14.36603.0
MinimumVisualStudioVersion = 10.0.40219.1
Project("{FAE04EC0-301F-11D3-BF4B-00C04F79EFBC}") = "ZentavioCRM.Api", "StaffingManagementSystem.api\ZentavioCRM.Api.csproj", "{01E43125-9CA5-4EB1-8351-2134310723C8}"
EndProject
Project("{FAE04EC0-301F-11D3-BF4B-00C04F79EFBC}") = "ZentavioCRM.Core", "StaffingManagementSystem.Core\ZentavioCRM.Core.csproj", "{9D7A85AC-8812-4D9A-B21F-39DE286D2726}"
EndProject
Project("{FAE04EC0-301F-11D3-BF4B-00C04F79EFBC}") = "ZentavioCRM.Repositories", "StaffingManagementSystem.Repositories\ZentavioCRM.Repositories.csproj", "{AA59C527-E4AF-4A6D-98B5-10E41480253F}"
EndProject
Project("{FAE04EC0-301F-11D3-BF4B-00C04F79EFBC}") = "ZentavioCRM.Infrastructure", "StaffingManagementSystem.Infrastructure\ZentavioCRM.Infrastructure.csproj", "{0AD334EF-50E0-4899-9F82-85283FE733A8}"
EndProject
Project("{FAE04EC0-301F-11D3-BF4B-00C04F79EFBC}") = "ZentavioCRM.Services", "StaffingManagementSystem.Services\ZentavioCRM.Services.csproj", "{B5BB445C-DE65-42DB-A10B-E1FA8175EA9D}"
EndProject
Global
	GlobalSection(SolutionConfigurationPlatforms) = preSolution
		Debug|Any CPU = Debug|Any CPU
		Release|Any CPU = Release|Any CPU
	EndGlobalSection
	GlobalSection(ProjectConfigurationPlatforms) = postSolution
		{01E43125-9CA5-4EB1-8351-2134310723C8}.Debug|Any CPU.ActiveCfg = Debug|Any CPU
		{01E43125-9CA5-4EB1-8351-2134310723C8}.Debug|Any CPU.Build.0 = Debug|Any CPU
		{01E43125-9CA5-4EB1-8351-2134310723C8}.Release|Any CPU.ActiveCfg = Release|Any CPU
		{01E43125-9CA5-4EB1-8351-2134310723C8}.Release|Any CPU.Build.0 = Release|Any CPU
		{9D7A85AC-8812-4D9A-B21F-39DE286D2726}.Debug|Any CPU.ActiveCfg = Debug|Any CPU
		{9D7A85AC-8812-4D9A-B21F-39DE286D2726}.Debug|Any CPU.Build.0 = Debug|Any CPU
		{9D7A85AC-8812-4D9A-B21F-39DE286D2726}.Release|Any CPU.ActiveCfg = Release|Any CPU
		{9D7A85AC-8812-4D9A-B21F-39DE286D2726}.Release|Any CPU.Build.0 = Release|Any CPU
		{AA59C527-E4AF-4A6D-98B5-10E41480253F}.Debug|Any CPU.ActiveCfg = Debug|Any CPU
		{AA59C527-E4AF-4A6D-98B5-10E41480253F}.Debug|Any CPU.Build.0 = Debug|Any CPU
		{AA59C527-E4AF-4A6D-98B5-10E41480253F}.Release|Any CPU.ActiveCfg = Release|Any CPU
		{AA59C527-E4AF-4A6D-98B5-10E41480253F}.Release|Any CPU.Build.0 = Release|Any CPU
		{0AD334EF-50E0-4899-9F82-85283FE733A8}.Debug|Any CPU.ActiveCfg = Debug|Any CPU
		{0AD334EF-50E0-4899-9F82-85283FE733A8}.Debug|Any CPU.Build.0 = Debug|Any CPU
		{0AD334EF-50E0-4899-9F82-85283FE733A8}.Release|Any CPU.ActiveCfg = Release|Any CPU
		{0AD334EF-50E0-4899-9F82-85283FE733A8}.Release|Any CPU.Build.0 = Release|Any CPU
		{B5BB445C-DE65-42DB-A10B-E1FA8175EA9D}.Debug|Any CPU.ActiveCfg = Debug|Any CPU
		{B5BB445C-DE65-42DB-A10B-E1FA8175EA9D}.Debug|Any CPU.Build.0 = Debug|Any CPU
		{B5BB445C-DE65-42DB-A10B-E1FA8175EA9D}.Release|Any CPU.ActiveCfg = Release|Any CPU
		{B5BB445C-DE65-42DB-A10B-E1FA8175EA9D}.Release|Any CPU.Build.0 = Release|Any CPU
	EndGlobalSection
	GlobalSection(SolutionProperties) = preSolution
		HideSolutionNode = FALSE
	EndGlobalSection
	GlobalSection(ExtensibilityGlobals) = postSolution
		SolutionGuid = {01FE4A90-E588-476F-844D-79A5E4C72654}
	EndGlobalSection
EndGlobal
